
Microsoft Visual Studio Solution File, Format Version 12.00
# Visual Studio 15
VisualStudioVersion = 15.0.26403.3
MinimumVisualStudioVersion = 10.0.40219.1
Project("{FAE04EC0-301F-11D3-BF4B-00C04F79EFBC}") = "ClsWrkMethodsByValueByRefByOut", "ClsWrkMethods\ClsWrkMethodsByValueByRefByOut.csproj", "{60AD8DDA-5C7D-482A-AD9B-0459D1074013}"
EndProject
Global
	GlobalSection(SolutionConfigurationPlatforms) = preSolution
		Debug|Any CPU = Debug|Any CPU
		Release|Any CPU = Release|Any CPU
	EndGlobalSection
	GlobalSection(ProjectConfigurationPlatforms) = postSolution
		{60AD8DDA-5C7D-482A-AD9B-0459D1074013}.Debug|Any CPU.ActiveCfg = Debug|Any CPU
		{60AD8DDA-5C7D-482A-AD9B-0459D1074013}.Debug|Any CPU.Build.0 = Debug|Any CPU
		{60AD8DDA-5C7D-482A-AD9B-0459D1074013}.Release|Any CPU.ActiveCfg = Release|Any CPU
		{60AD8DDA-5C7D-482A-AD9B-0459D1074013}.Release|Any CPU.Build.0 = Release|Any CPU
	EndGlobalSection
	GlobalSection(SolutionProperties) = preSolution
		HideSolutionNode = FALSE
	EndGlobalSection
	GlobalSection(ExtensibilityGlobals) = postSolution
		SolutionGuid = {61242280-BE51-4D81-8E0B-49F15E508A7F}
	EndGlobalSection
EndGlobal
